dependencies:
- name: postgresql
  repository: https://charts.bitnami.com/bitnami
  version: 12.5.6
- name: redis
  repository: https://raw.githubusercontent.com/bitnami/charts/eb5f9a9513d987b519f0ecd732e7031241c50328/bitnami
  version: 10.9.0
digest: sha256:90bb3e19860c4a6ca895c72391de15c035cb254f880bdd31a28efc97c51a295c
generated: "2023-06-01T16:16:53.73233828+02:00"
